
Microsoft Visual Studio Solution File, Format Version 12.00
# Visual Studio 2013
VisualStudioVersion = 12.0.21005.1
MinimumVisualStudioVersion = 10.0.40219.1
Project("{FAE04EC0-301F-11D3-BF4B-00C04F79EFBC}") = "SerializationProject", "SerializationProject\SerializationProject.csproj", "{F04BD79C-63D4-4ED0-9266-6D8D46FC79A4}"
EndProject
Project("{FAE04EC0-301F-11D3-BF4B-00C04F79EFBC}") = "CarSerializable", "CarSerializable\CarSerializable.csproj", "{3B2B613F-C489-4515-96D3-6024AD2FC6CA}"
EndProject
Project("{FAE04EC0-301F-11D3-BF4B-00C04F79EFBC}") = "CarService", "CarService\CarService.csproj", "{0573C452-B24F-48A4-8313-5ACBC3EBB280}"
EndProject
Project("{FAE04EC0-301F-11D3-BF4B-00C04F79EFBC}") = "CarHost", "CarHost\CarHost.csproj", "{209AA5E0-019A-4A16-9F08-69A162C3F69C}"
EndProject
Project("{FAE04EC0-301F-11D3-BF4B-00C04F79EFBC}") = "JsonSerialize", "JsonSerialize\JsonSerialize.csproj", "{9A545E5E-078D-4146-94ED-3AF63D61371B}"
EndProject
Project("{FAE04EC0-301F-11D3-BF4B-00C04F79EFBC}") = "XmlObjectSerialize", "XmlObjectSerialize\XmlObjectSerialize.csproj", "{4EE3FADB-270A-4D90-9527-8BB2E3D9D4ED}"
EndProject
Global
	GlobalSection(SolutionConfigurationPlatforms) = preSolution
		Debug|Any CPU = Debug|Any CPU
		Release|Any CPU = Release|Any CPU
	EndGlobalSection
	GlobalSection(ProjectConfigurationPlatforms) = postSolution
		{F04BD79C-63D4-4ED0-9266-6D8D46FC79A4}.Debug|Any CPU.ActiveCfg = Debug|Any CPU
		{F04BD79C-63D4-4ED0-9266-6D8D46FC79A4}.Debug|Any CPU.Build.0 = Debug|Any CPU
		{F04BD79C-63D4-4ED0-9266-6D8D46FC79A4}.Release|Any CPU.ActiveCfg = Release|Any CPU
		{F04BD79C-63D4-4ED0-9266-6D8D46FC79A4}.Release|Any CPU.Build.0 = Release|Any CPU
		{3B2B613F-C489-4515-96D3-6024AD2FC6CA}.Debug|Any CPU.ActiveCfg = Debug|Any CPU
		{3B2B613F-C489-4515-96D3-6024AD2FC6CA}.Debug|Any CPU.Build.0 = Debug|Any CPU
		{3B2B613F-C489-4515-96D3-6024AD2FC6CA}.Release|Any CPU.ActiveCfg = Release|Any CPU
		{3B2B613F-C489-4515-96D3-6024AD2FC6CA}.Release|Any CPU.Build.0 = Release|Any CPU
		{0573C452-B24F-48A4-8313-5ACBC3EBB280}.Debug|Any CPU.ActiveCfg = Debug|Any CPU
		{0573C452-B24F-48A4-8313-5ACBC3EBB280}.Debug|Any CPU.Build.0 = Debug|Any CPU
		{0573C452-B24F-48A4-8313-5ACBC3EBB280}.Release|Any CPU.ActiveCfg = Release|Any CPU
		{0573C452-B24F-48A4-8313-5ACBC3EBB280}.Release|Any CPU.Build.0 = Release|Any CPU
		{209AA5E0-019A-4A16-9F08-69A162C3F69C}.Debug|Any CPU.ActiveCfg = Debug|Any CPU
		{209AA5E0-019A-4A16-9F08-69A162C3F69C}.Debug|Any CPU.Build.0 = Debug|Any CPU
		{209AA5E0-019A-4A16-9F08-69A162C3F69C}.Release|Any CPU.ActiveCfg = Release|Any CPU
		{209AA5E0-019A-4A16-9F08-69A162C3F69C}.Release|Any CPU.Build.0 = Release|Any CPU
		{9A545E5E-078D-4146-94ED-3AF63D61371B}.Debug|Any CPU.ActiveCfg = Debug|Any CPU
		{9A545E5E-078D-4146-94ED-3AF63D61371B}.Debug|Any CPU.Build.0 = Debug|Any CPU
		{9A545E5E-078D-4146-94ED-3AF63D61371B}.Release|Any CPU.ActiveCfg = Release|Any CPU
		{9A545E5E-078D-4146-94ED-3AF63D61371B}.Release|Any CPU.Build.0 = Release|Any CPU
		{4EE3FADB-270A-4D90-9527-8BB2E3D9D4ED}.Debug|Any CPU.ActiveCfg = Debug|Any CPU
		{4EE3FADB-270A-4D90-9527-8BB2E3D9D4ED}.Debug|Any CPU.Build.0 = Debug|Any CPU
		{4EE3FADB-270A-4D90-9527-8BB2E3D9D4ED}.Release|Any CPU.ActiveCfg = Release|Any CPU
		{4EE3FADB-270A-4D90-9527-8BB2E3D9D4ED}.Release|Any CPU.Build.0 = Release|Any CPU
	EndGlobalSection
	GlobalSection(SolutionProperties) = preSolution
		HideSolutionNode = FALSE
	EndGlobalSection
EndGlobal
